
Microsoft Visual Studio Solution File, Format Version 12.00
# Visual Studio Version 17
VisualStudioVersion = 17.8.34322.80
MinimumVisualStudioVersion = 10.0.40219.1
Project("{9A19103F-16F7-4668-BE54-9A1E7A4F7556}") = "MHWSpeedrunTool", "MHWSpeedrunTool\MHWSpeedrunTool.csproj", "{34831D7F-2943-4571-A0BA-04FED141EBBD}"
EndProject
Project("{2150E333-8FDC-42A3-9474-1A3956D46DE8}") = "Solution Items", "Solution Items", "{B3A7FA75-AF20-43DE-8902-D5BCC4566EA6}"
	ProjectSection(SolutionItems) = preProject
		.editorconfig = .editorconfig
	EndProjectSection
EndProject
Global
	GlobalSection(SolutionConfigurationPlatforms) = preSolution
		Debug|Any CPU = Debug|Any CPU
		Release|Any CPU = Release|Any CPU
	EndGlobalSection
	GlobalSection(ProjectConfigurationPlatforms) = postSolution
		{34831D7F-2943-4571-A0BA-04FED141EBBD}.Debug|Any CPU.ActiveCfg = Debug|Any CPU
		{34831D7F-2943-4571-A0BA-04FED141EBBD}.Debug|Any CPU.Build.0 = Debug|Any CPU
		{34831D7F-2943-4571-A0BA-04FED141EBBD}.Release|Any CPU.ActiveCfg = Release|Any CPU
		{34831D7F-2943-4571-A0BA-04FED141EBBD}.Release|Any CPU.Build.0 = Release|Any CPU
	EndGlobalSection
	GlobalSection(SolutionProperties) = preSolution
		HideSolutionNode = FALSE
	EndGlobalSection
	GlobalSection(ExtensibilityGlobals) = postSolution
		SolutionGuid = {D5481EA1-A200-478D-9663-8563D059ED49}
	EndGlobalSection
EndGlobal
